// !$*UTF8*$!
{
	archiveVersion = 1;
	classes = {
	};
	objectVersion = 56;
	objects = {

/* Begin PBXBuildFile section */
		E99755552A4F1CCA00787660 /* ResultViewController.swift in Sources */ = {isa = PBXBuildFile; fileRef = E99755542A4F1CCA00787660 /* ResultViewController.swift */; };
		E9EAB1052A4DEE82003CF30F /* AppDelegate.swift in Sources */ = {isa = PBXBuildFile; fileRef = E9EAB1042A4DEE82003CF30F /* AppDelegate.swift */; };
		E9EAB1072A4DEE82003CF30F /* SceneDelegate.swift in Sources */ = {isa = PBXBuildFile; fileRef = E9EAB1062A4DEE82003CF30F /* SceneDelegate.swift */; };
		E9EAB1092A4DEE82003CF30F /* QuestionsViewController.swift in Sources */ = {isa = PBXBuildFile; fileRef = E9EAB1082A4DEE82003CF30F /* QuestionsViewController.swift */; };
		E9EAB10C2A4DEE82003CF30F /* Main.storyboard in Resources */ = {isa = PBXBuildFile; fileRef = E9EAB10A2A4DEE82003CF30F /* Main.storyboard */; };
		E9EAB10F2A4DEE82003CF30F /* PersonalQuizz.xcdatamodeld in Sources */ = {isa = PBXBuildFile; fileRef = E9EAB10D2A4DEE82003CF30F /* PersonalQuizz.xcdatamodeld */; };
		E9EAB1112A4DEE84003CF30F /* Assets.xcassets in Resources */ = {isa = PBXBuildFile; fileRef = E9EAB1102A4DEE84003CF30F /* Assets.xcassets */; };
		E9EAB1142A4DEE84003CF30F /* LaunchScreen.storyboard in Resources */ = {isa = PBXBuildFile; fileRef = E9EAB1122A4DEE84003CF30F /* LaunchScreen.storyboard */; };
		E9EAB1202A4E010D003CF30F /* Questions.swift in Sources */ = {isa = PBXBuildFile; fileRef = E9EAB11F2A4E010D003CF30F /* Questions.swift */; };
/* End PBXBuildFile section */

/* Begin PBXFileReference section */
		E99755542A4F1CCA00787660 /* ResultViewController.swift */ = {isa = PBXFileReference; lastKnownFileType = sourcecode.swift; path = ResultViewController.swift; sourceTree = "<group>"; };
		E9EAB1012A4DEE82003CF30F /* PersonalQuizz.app */ = {isa = PBXFileReference; explicitFileType = wrapper.application; includeInIndex = 0; path = PersonalQuizz.app; sourceTree = BUILT_PRODUCTS_DIR; };
		E9EAB1042A4DEE82003CF30F /* AppDelegate.swift */ = {isa = PBXFileReference; lastKnownFileType = sourcecode.swift; path = AppDelegate.swift; sourceTree = "<group>"; };
		E9EAB1062A4DEE82003CF30F /* SceneDelegate.swift */ = {isa = PBXFileReference; lastKnownFileType = sourcecode.swift; path = SceneDelegate.swift; sourceTree = "<group>"; };
		E9EAB1082A4DEE82003CF30F /* QuestionsViewController.swift */ = {isa = PBXFileReference; lastKnownFileType = sourcecode.swift; path = QuestionsViewController.swift; sourceTree = "<group>"; };
		E9EAB10B2A4DEE82003CF30F /* Base */ = {isa = PBXFileReference; lastKnownFileType = file.storyboard; name = Base; path = Base.lproj/Main.storyboard; sourceTree = "<group>"; };
		E9EAB10E2A4DEE82003CF30F /* PersonalQuizz.xcdatamodel */ = {isa = PBXFileReference; lastKnownFileType = wrapper.xcdatamodel; path = PersonalQuizz.xcdatamodel; sourceTree = "<group>"; };
		E9EAB1102A4DEE84003CF30F /* Assets.xcassets */ = {isa = PBXFileReference; lastKnownFileType = folder.assetcatalog; path = Assets.xcassets; sourceTree = "<group>"; };
		E9EAB1132A4DEE84003CF30F /* Base */ = {isa = PBXFileReference; lastKnownFileType = file.storyboard; name = Base; path = Base.lproj/LaunchScreen.storyboard; sourceTree = "<group>"; };
		E9EAB1152A4DEE84003CF30F /* Info.plist */ = {isa = PBXFileReference; lastKnownFileType = text.plist.xml; path = Info.plist; sourceTree = "<group>"; };
		E9EAB11F2A4E010D003CF30F /* Questions.swift */ = {isa = PBXFileReference; lastKnownFileType = sourcecode.swift; path = Questions.swift; sourceTree = "<group>"; };
/* End PBXFileReference section */

/* Begin PBXFrameworksBuildPhase section */
		E9EAB0FE2A4DEE82003CF30F /* Frameworks */ = {
			isa = PBXFrameworksBuildPhase;
			buildActionMask = 2147483647;
			files = (
			);
			runOnlyForDeploymentPostprocessing = 0;
		};
/* End PBXFrameworksBuildPhase section */

/* Begin PBXGroup section */
		E9EAB0F82A4DEE82003CF30F = {
			isa = PBXGroup;
			children = (
				E9EAB1032A4DEE82003CF30F /* PersonalQuizz */,
				E9EAB1102A4DEE84003CF30F /* Assets.xcassets */,
				E9EAB1022A4DEE82003CF30F /* Products */,
			);
			sourceTree = "<group>";
		};
		E9EAB1022A4DEE82003CF30F /* Products */ = {
			isa = PBXGroup;
			children = (
				E9EAB1012A4DEE82003CF30F /* PersonalQuizz.app */,
			);
			name = Products;
			sourceTree = "<group>";
		};
		E9EAB1032A4DEE82003CF30F /* PersonalQuizz */ = {
			isa = PBXGroup;
			children = (
				E9EAB11B2A4E0040003CF30F /* ViewControllers */,
				E9EAB1212A4E0147003CF30F /* Model */,
				E9EAB11C2A4E0055003CF30F /* App */,
				E9EAB11D2A4E0071003CF30F /* Storyboards */,
				E9EAB11E2A4E00A1003CF30F /* SystemSettings */,
			);
			path = PersonalQuizz;
			sourceTree = "<group>";
		};
		E9EAB11B2A4E0040003CF30F /* ViewControllers */ = {
			isa = PBXGroup;
			children = (
				E9EAB1082A4DEE82003CF30F /* QuestionsViewController.swift */,
				E99755542A4F1CCA00787660 /* ResultViewController.swift */,
			);
			path = ViewControllers;
			sourceTree = "<group>";
		};
		E9EAB11C2A4E0055003CF30F /* App */ = {
			isa = PBXGroup;
			children = (
				E9EAB1042A4DEE82003CF30F /* AppDelegate.swift */,
				E9EAB1062A4DEE82003CF30F /* SceneDelegate.swift */,
			);
			path = App;
			sourceTree = "<group>";
		};
		E9EAB11D2A4E0071003CF30F /* Storyboards */ = {
			isa = PBXGroup;
			children = (
				E9EAB10A2A4DEE82003CF30F /* Main.storyboard */,
				E9EAB1122A4DEE84003CF30F /* LaunchScreen.storyboard */,
			);
			path = Storyboards;
			sourceTree = "<group>";
		};
		E9EAB11E2A4E00A1003CF30F /* SystemSettings */ = {
			isa = PBXGroup;
			children = (
				E9EAB1152A4DEE84003CF30F /* Info.plist */,
				E9EAB10D2A4DEE82003CF30F /* PersonalQuizz.xcdatamodeld */,
			);
			path = SystemSettings;
			sourceTree = "<group>";
		};
		E9EAB1212A4E0147003CF30F /* Model */ = {
			isa = PBXGroup;
			children = (
				E9EAB11F2A4E010D003CF30F /* Questions.swift */,
			);
			name = Model;
			path = ..;
			sourceTree = "<group>";
		};
/* End PBXGroup section */

/* Begin PBXNativeTarget section */
		E9EAB1002A4DEE82003CF30F /* PersonalQuizz */ = {
			isa = PBXNativeTarget;
			buildConfigurationList = E9EAB1182A4DEE84003CF30F /* Build configuration list for PBXNativeTarget "PersonalQuizz" */;
			buildPhases = (
				E9EAB0FD2A4DEE82003CF30F /* Sources */,
				E9EAB0FE2A4DEE82003CF30F /* Frameworks */,
				E9EAB0FF2A4DEE82003CF30F /* Resources */,
			);
			buildRules = (
			);
			dependencies = (
			);
			name = PersonalQuizz;
			productName = PersonalQuizz;
			productReference = E9EAB1012A4DEE82003CF30F /* PersonalQuizz.app */;
			productType = "com.apple.product-type.application";
		};
/* End PBXNativeTarget section */

/* Begin PBXProject section */
		E9EAB0F92A4DEE82003CF30F /* Project object */ = {
			isa = PBXProject;
			attributes = {
				BuildIndependentTargetsInParallel = 1;
				LastSwiftUpdateCheck = 1430;
				LastUpgradeCheck = 1430;
				TargetAttributes = {
					E9EAB1002A4DEE82003CF30F = {
						CreatedOnToolsVersion = 14.3;
					};
				};
			};
			buildConfigurationList = E9EAB0FC2A4DEE82003CF30F /* Build configuration list for PBXProject "PersonalQuizz" */;
			compatibilityVersion = "Xcode 14.0";
			developmentRegion = en;
			hasScannedForEncodings = 0;
			knownRegions = (
				en,
				Base,
			);
			mainGroup = E9EAB0F82A4DEE82003CF30F;
			productRefGroup = E9EAB1022A4DEE82003CF30F /* Products */;
			projectDirPath = "";
			projectRoot = "";
			targets = (
				E9EAB1002A4DEE82003CF30F /* PersonalQuizz */,
			);
		};
/* End PBXProject section */

/* Begin PBXResourcesBuildPhase section */
		E9EAB0FF2A4DEE82003CF30F /* Resources */ = {
			isa = PBXResourcesBuildPhase;
			buildActionMask = 2147483647;
			files = (
				E9EAB1142A4DEE84003CF30F /* LaunchScreen.storyboard in Resources */,
				E9EAB1112A4DEE84003CF30F /* Assets.xcassets in Resources */,
				E9EAB10C2A4DEE82003CF30F /* Main.storyboard in Resources */,
			);
			runOnlyForDeploymentPostprocessing = 0;
		};
/* End PBXResourcesBuildPhase section */

/* Begin PBXSourcesBuildPhase section */
		E9EAB0FD2A4DEE82003CF30F /* Sources */ = {
			isa = PBXSourcesBuildPhase;
			buildActionMask = 2147483647;
			files = (
				E9EAB1202A4E010D003CF30F /* Questions.swift in Sources */,
				E9EAB1092A4DEE82003CF30F /* QuestionsViewController.swift in Sources */,
				E9EAB10F2A4DEE82003CF30F /* PersonalQuizz.xcdatamodeld in Sources */,
				E9EAB1052A4DEE82003CF30F /* AppDelegate.swift in Sources */,
				E9EAB1072A4DEE82003CF30F /* SceneDelegate.swift in Sources */,
				E99755552A4F1CCA00787660 /* ResultViewController.swift in Sources */,
			);
			runOnlyForDeploymentPostprocessing = 0;
		};
/* End PBXSourcesBuildPhase section */

/* Begin PBXVariantGroup section */
		E9EAB10A2A4DEE82003CF30F /* Main.storyboard */ = {
			isa = PBXVariantGroup;
			children = (
				E9EAB10B2A4DEE82003CF30F /* Base */,
			);
			name = Main.storyboard;
			sourceTree = "<group>";
		};
		E9EAB1122A4DEE84003CF30F /* LaunchScreen.storyboard */ = {
			isa = PBXVariantGroup;
			children = (
				E9EAB1132A4DEE84003CF30F /* Base */,
			);
			name = LaunchScreen.storyboard;
			sourceTree = "<group>";
		};
/* End PBXVariantGroup section */

/* Begin XCBuildConfiguration section */
		E9EAB1162A4DEE84003CF30F /* Debug */ = {
			isa = XCBuildConfiguration;
			buildSettings = {
				ALWAYS_SEARCH_USER_PATHS = NO;
				CLANG_ANALYZER_NONNULL = YES;
				CLANG_ANALYZER_NUMBER_OBJECT_CONVERSION = YES_AGGRESSIVE;
				CLANG_CXX_LANGUAGE_STANDARD = "gnu++20";
				CLANG_ENABLE_MODULES = YES;
				CLANG_ENABLE_OBJC_ARC = YES;
				CLANG_ENABLE_OBJC_WEAK = YES;
				CLANG_WARN_BLOCK_CAPTURE_AUTORELEASING = YES;
				CLANG_WARN_BOOL_CONVERSION = YES;
				CLANG_WARN_COMMA = YES;
				CLANG_WARN_CONSTANT_CONVERSION = YES;
				CLANG_WARN_DEPRECATED_OBJC_IMPLEMENTATIONS = YES;
				CLANG_WARN_DIRECT_OBJC_ISA_USAGE = YES_ERROR;
				CLANG_WARN_DOCUMENTATION_COMMENTS = YES;
				CLANG_WARN_EMPTY_BODY = YES;
				CLANG_WARN_ENUM_CONVERSION = YES;
				CLANG_WARN_INFINITE_RECURSION = YES;
				CLANG_WARN_INT_CONVERSION = YES;
				CLANG_WARN_NON_LITERAL_NULL_CONVERSION = YES;
				CLANG_WARN_OBJC_IMPLICIT_RETAIN_SELF = YES;
				CLANG_WARN_OBJC_LITERAL_CONVERSION = YES;
				CLANG_WARN_OBJC_ROOT_CLASS = YES_ERROR;
				CLANG_WARN_QUOTED_INCLUDE_IN_FRAMEWORK_HEADER = YES;
				CLANG_WARN_RANGE_LOOP_ANALYSIS = YES;
				CLANG_WARN_STRICT_PROTOTYPES = YES;
				CLANG_WARN_SUSPICIOUS_MOVE = YES;
				CLANG_WARN_UNGUARDED_AVAILABILITY = YES_AGGRESSIVE;
				CLANG_WARN_UNREACHABLE_CODE = YES;
				CLANG_WARN__DUPLICATE_METHOD_MATCH = YES;
				COPY_PHASE_STRIP = NO;
				DEBUG_INFORMATION_FORMAT = dwarf;
				ENABLE_STRICT_OBJC_MSGSEND = YES;
				ENABLE_TESTABILITY = YES;
				GCC_C_LANGUAGE_STANDARD = gnu11;
				GCC_DYNAMIC_NO_PIC = NO;
				GCC_NO_COMMON_BLOCKS = YES;
				GCC_OPTIMIZATION_LEVEL = 0;
				GCC_PREPROCESSOR_DEFINITIONS = (
					"DEBUG=1",
					"$(inherited)",
				);
				GCC_WARN_64_TO_32_BIT_CONVERSION = YES;
				GCC_WARN_ABOUT_RETURN_TYPE = YES_ERROR;
				GCC_WARN_UNDECLARED_SELECTOR = YES;
				GCC_WARN_UNINITIALIZED_AUTOS = YES_AGGRESSIVE;
				GCC_WARN_UNUSED_FUNCTION = YES;
				GCC_WARN_UNUSED_VARIABLE = YES;
				IPHONEOS_DEPLOYMENT_TARGET = 16.4;
				MTL_ENABLE_DEBUG_INFO = INCLUDE_SOURCE;
				MTL_FAST_MATH = YES;
				ONLY_ACTIVE_ARCH = YES;
				SDKROOT = iphoneos;
				SWIFT_ACTIVE_COMPILATION_CONDITIONS = DEBUG;
				SWIFT_OPTIMIZATION_LEVEL = "-Onone";
			};
			name = Debug;
		};
		E9EAB1172A4DEE84003CF30F /* Release */ = {
			isa = XCBuildConfiguration;
			buildSettings = {
				ALWAYS_SEARCH_USER_PATHS = NO;
				CLANG_ANALYZER_NONNULL = YES;
				CLANG_ANALYZER_NUMBER_OBJECT_CONVERSION = YES_AGGRESSIVE;
				CLANG_CXX_LANGUAGE_STANDARD = "gnu++20";
				CLANG_ENABLE_MODULES = YES;
				CLANG_ENABLE_OBJC_ARC = YES;
				CLANG_ENABLE_OBJC_WEAK = YES;
				CLANG_WARN_BLOCK_CAPTURE_AUTORELEASING = YES;
				CLANG_WARN_BOOL_CONVERSION = YES;
				CLANG_WARN_COMMA = YES;
				CLANG_WARN_CONSTANT_CONVERSION = YES;
				CLANG_WARN_DEPRECATED_OBJC_IMPLEMENTATIONS = YES;
				CLANG_WARN_DIRECT_OBJC_ISA_USAGE = YES_ERROR;
				CLANG_WARN_DOCUMENTATION_COMMENTS = YES;
				CLANG_WARN_EMPTY_BODY = YES;
				CLANG_WARN_ENUM_CONVERSION = YES;
				CLANG_WARN_INFINITE_RECURSION = YES;
				CLANG_WARN_INT_CONVERSION = YES;
				CLANG_WARN_NON_LITERAL_NULL_CONVERSION = YES;
				CLANG_WARN_OBJC_IMPLICIT_RETAIN_SELF = YES;
				CLANG_WARN_OBJC_LITERAL_CONVERSION = YES;
				CLANG_WARN_OBJC_ROOT_CLASS = YES_ERROR;
				CLANG_WARN_QUOTED_INCLUDE_IN_FRAMEWORK_HEADER = YES;
				CLANG_WARN_RANGE_LOOP_ANALYSIS = YES;
				CLANG_WARN_STRICT_PROTOTYPES = YES;
				CLANG_WARN_SUSPICIOUS_MOVE = YES;
				CLANG_WARN_UNGUARDED_AVAILABILITY = YES_AGGRESSIVE;
				CLANG_WARN_UNREACHABLE_CODE = YES;
				CLANG_WARN__DUPLICATE_METHOD_MATCH = YES;
				COPY_PHASE_STRIP = NO;
				DEBUG_INFORMATION_FORMAT = "dwarf-with-dsym";
				ENABLE_NS_ASSERTIONS = NO;
				ENABLE_STRICT_OBJC_MSGSEND = YES;
				GCC_C_LANGUAGE_STANDARD = gnu11;
				GCC_NO_COMMON_BLOCKS = YES;
				GCC_WARN_64_TO_32_BIT_CONVERSION = YES;
				GCC_WARN_ABOUT_RETURN_TYPE = YES_ERROR;
				GCC_WARN_UNDECLARED_SELECTOR = YES;
				GCC_WARN_UNINITIALIZED_AUTOS = YES_AGGRESSIVE;
				GCC_WARN_UNUSED_FUNCTION = YES;
				GCC_WARN_UNUSED_VARIABLE = YES;
				IPHONEOS_DEPLOYMENT_TARGET = 16.4;
				MTL_ENABLE_DEBUG_INFO = NO;
				MTL_FAST_MATH = YES;
				SDKROOT = iphoneos;
				SWIFT_COMPILATION_MODE = wholemodule;
				SWIFT_OPTIMIZATION_LEVEL = "-O";
				VALIDATE_PRODUCT = YES;
			};
			name = Release;
		};
		E9EAB1192A4DEE84003CF30F /* Debug */ = {
			isa = XCBuildConfiguration;
			buildSettings = {
				ASSETCATALOG_COMPILER_APPICON_NAME = AppIcon;
				ASSETCATALOG_COMPILER_GLOBAL_ACCENT_COLOR_NAME = AccentColor;
				CODE_SIGN_STYLE = Automatic;
				CURRENT_PROJECT_VERSION = 1;
				DEVELOPMENT_TEAM = Z4JT48W22P;
				GENERATE_INFOPLIST_FILE = YES;
				INFOPLIST_FILE = PersonalQuizz/SystemSettings/Info.plist;
				INFOPLIST_KEY_UIApplicationSupportsIndirectInputEvents = YES;
				INFOPLIST_KEY_UILaunchStoryboardName = LaunchScreen;
				INFOPLIST_KEY_UIMainStoryboardFile = Main;
				INFOPLIST_KEY_UISupportedInterfaceOrientations = UIInterfaceOrientationPortrait;
				INFOPLIST_KEY_UISupportedInterfaceOrientations_iPad = "UIInterfaceOrientationLandscapeLeft UIInterfaceOrientationLandscapeRight UIInterfaceOrientationPortrait UIInterfaceOrientationPortraitUpsideDown";
				IPHONEOS_DEPLOYMENT_TARGET = 16.0;
				LD_RUNPATH_SEARCH_PATHS = (
					"$(inherited)",
					"@executable_path/Frameworks",
				);
				MARKETING_VERSION = 1.0;
				PRODUCT_BUNDLE_IDENTIFIER = TheGoodTheBadTheJun.PersonalQuizz;
				PRODUCT_NAME = "$(TARGET_NAME)";
				SUPPORTED_PLATFORMS = "iphoneos iphonesimulator";
				SUPPORTS_MACCATALYST = NO;
				SUPPORTS_MAC_DESIGNED_FOR_IPHONE_IPAD = NO;
				SWIFT_EMIT_LOC_STRINGS = YES;
				SWIFT_VERSION = 5.0;
				TARGETED_DEVICE_FAMILY = 1;
			};
			name = Debug;
		};
		E9EAB11A2A4DEE84003CF30F /* Release */ = {
			isa = XCBuildConfiguration;
			buildSettings = {
				ASSETCATALOG_COMPILER_APPICON_NAME = AppIcon;
				ASSETCATALOG_COMPILER_GLOBAL_ACCENT_COLOR_NAME = AccentColor;
				CODE_SIGN_STYLE = Automatic;
				CURRENT_PROJECT_VERSION = 1;
				DEVELOPMENT_TEAM = Z4JT48W22P;
				GENERATE_INFOPLIST_FILE = YES;
				INFOPLIST_FILE = PersonalQuizz/SystemSettings/Info.plist;
				INFOPLIST_KEY_UIApplicationSupportsIndirectInputEvents = YES;
				INFOPLIST_KEY_UILaunchStoryboardName = LaunchScreen;
				INFOPLIST_KEY_UIMainStoryboardFile = Main;
				INFOPLIST_KEY_UISupportedInterfaceOrientations = UIInterfaceOrientationPortrait;
				INFOPLIST_KEY_UISupportedInterfaceOrientations_iPad = "UIInterfaceOrientationLandscapeLeft UIInterfaceOrientationLandscapeRight UIInterfaceOrientationPortrait UIInterfaceOrientationPortraitUpsideDown";
				IPHONEOS_DEPLOYMENT_TARGET = 16.0;
				LD_RUNPATH_SEARCH_PATHS = (
					"$(inherited)",
					"@executable_path/Frameworks",
				);
				MARKETING_VERSION = 1.0;
				PRODUCT_BUNDLE_IDENTIFIER = TheGoodTheBadTheJun.PersonalQuizz;
				PRODUCT_NAME = "$(TARGET_NAME)";
				SUPPORTED_PLATFORMS = "iphoneos iphonesimulator";
				SUPPORTS_MACCATALYST = NO;
				SUPPORTS_MAC_DESIGNED_FOR_IPHONE_IPAD = NO;
				SWIFT_EMIT_LOC_STRINGS = YES;
				SWIFT_VERSION = 5.0;
				TARGETED_DEVICE_FAMILY = 1;
			};
			name = Release;
		};
/* End XCBuildConfiguration section */

/* Begin XCConfigurationList section */
		E9EAB0FC2A4DEE82003CF30F /* Build configuration list for PBXProject "PersonalQuizz" */ = {
			isa = XCConfigurationList;
			buildConfigurations = (
				E9EAB1162A4DEE84003CF30F /* Debug */,
				E9EAB1172A4DEE84003CF30F /* Release */,
			);
			defaultConfigurationIsVisible = 0;
			defaultConfigurationName = Release;
		};
		E9EAB1182A4DEE84003CF30F /* Build configuration list for PBXNativeTarget "PersonalQuizz" */ = {
			isa = XCConfigurationList;
			buildConfigurations = (
				E9EAB1192A4DEE84003CF30F /* Debug */,
				E9EAB11A2A4DEE84003CF30F /* Release */,
			);
			defaultConfigurationIsVisible = 0;
			defaultConfigurationName = Release;
		};
/* End XCConfigurationList section */

/* Begin XCVersionGroup section */
		E9EAB10D2A4DEE82003CF30F /* PersonalQuizz.xcdatamodeld */ = {
			isa = XCVersionGroup;
			children = (
				E9EAB10E2A4DEE82003CF30F /* PersonalQuizz.xcdatamodel */,
			);
			currentVersion = E9EAB10E2A4DEE82003CF30F /* PersonalQuizz.xcdatamodel */;
			path = PersonalQuizz.xcdatamodeld;
			sourceTree = "<group>";
			versionGroupType = wrapper.xcdatamodel;
		};
/* End XCVersionGroup section */
	};
	rootObject = E9EAB0F92A4DEE82003CF30F /* Project object */;
}
